
Microsoft Visual Studio Solution File, Format Version 12.00
# Visual Studio Version 18
VisualStudioVersion = 18.5.11723.231 stable
MinimumVisualStudioVersion = 10.0.40219.1
Project("{FAE04EC0-301F-11D3-BF4B-00C04F79EFBC}") = "DZ_2_midul_№2_task_(1-7)", "DZ_2_midul_№2_task_(1-7).csproj", "{EB80A5EC-09AB-4A4F-A93D-B1B9D4E50907}"
EndProject
Global
	GlobalSection(SolutionConfigurationPlatforms) = preSolution
		Debug|Any CPU = Debug|Any CPU
		Release|Any CPU = Release|Any CPU
	EndGlobalSection
	GlobalSection(ProjectConfigurationPlatforms) = postSolution
		{EB80A5EC-09AB-4A4F-A93D-B1B9D4E50907}.Debug|Any CPU.ActiveCfg = Debug|Any CPU
		{EB80A5EC-09AB-4A4F-A93D-B1B9D4E50907}.Debug|Any CPU.Build.0 = Debug|Any CPU
		{EB80A5EC-09AB-4A4F-A93D-B1B9D4E50907}.Release|Any CPU.ActiveCfg = Release|Any CPU
		{EB80A5EC-09AB-4A4F-A93D-B1B9D4E50907}.Release|Any CPU.Build.0 = Release|Any CPU
	EndGlobalSection
	GlobalSection(SolutionProperties) = preSolution
		HideSolutionNode = FALSE
	EndGlobalSection
	GlobalSection(ExtensibilityGlobals) = postSolution
		SolutionGuid = {40724101-2866-4886-BA0C-AB9ABA38F1B6}
	EndGlobalSection
EndGlobal
